
Microsoft Visual Studio Solution File, Format Version 12.00
# Visual Studio 15
VisualStudioVersion = 15.0.27512.0
MinimumVisualStudioVersion = 10.0.40219.1
Project("{FAE04EC0-301F-11D3-BF4B-00C04F79EFBC}") = "NumericSequenceCalculator.Web", "NumericSequenceCalculator.Web\NumericSequenceCalculator.Web.csproj", "{C31FB1DE-5296-4C41-A1FB-ADCDD4046EFD}"
EndProject
Project("{FAE04EC0-301F-11D3-BF4B-00C04F79EFBC}") = "NumericSequenceCalculator.Lib", "NumericSequenceCalculator.Lib\NumericSequenceCalculator.Lib.csproj", "{831FF23C-A7C4-4094-B634-8B5BB4CA306D}"
EndProject
Project("{FAE04EC0-301F-11D3-BF4B-00C04F79EFBC}") = "NumericSequenceCalculator.Lib.UnitTestProject", "NumericSequenceCalculator.Lib.UnitTestProject\NumericSequenceCalculator.Lib.UnitTestProject.csproj", "{AB1F3933-FA2C-4487-892C-9477DD61D81C}"
EndProject
Global
	GlobalSection(SolutionConfigurationPlatforms) = preSolution
		Debug|Any CPU = Debug|Any CPU
		Release|Any CPU = Release|Any CPU
	EndGlobalSection
	GlobalSection(ProjectConfigurationPlatforms) = postSolution
		{C31FB1DE-5296-4C41-A1FB-ADCDD4046EFD}.Debug|Any CPU.ActiveCfg = Debug|Any CPU
		{C31FB1DE-5296-4C41-A1FB-ADCDD4046EFD}.Debug|Any CPU.Build.0 = Debug|Any CPU
		{C31FB1DE-5296-4C41-A1FB-ADCDD4046EFD}.Release|Any CPU.ActiveCfg = Release|Any CPU
		{C31FB1DE-5296-4C41-A1FB-ADCDD4046EFD}.Release|Any CPU.Build.0 = Release|Any CPU
		{831FF23C-A7C4-4094-B634-8B5BB4CA306D}.Debug|Any CPU.ActiveCfg = Debug|Any CPU
		{831FF23C-A7C4-4094-B634-8B5BB4CA306D}.Debug|Any CPU.Build.0 = Debug|Any CPU
		{831FF23C-A7C4-4094-B634-8B5BB4CA306D}.Release|Any CPU.ActiveCfg = Release|Any CPU
		{831FF23C-A7C4-4094-B634-8B5BB4CA306D}.Release|Any CPU.Build.0 = Release|Any CPU
		{AB1F3933-FA2C-4487-892C-9477DD61D81C}.Debug|Any CPU.ActiveCfg = Debug|Any CPU
		{AB1F3933-FA2C-4487-892C-9477DD61D81C}.Debug|Any CPU.Build.0 = Debug|Any CPU
		{AB1F3933-FA2C-4487-892C-9477DD61D81C}.Release|Any CPU.ActiveCfg = Release|Any CPU
		{AB1F3933-FA2C-4487-892C-9477DD61D81C}.Release|Any CPU.Build.0 = Release|Any CPU
	EndGlobalSection
	GlobalSection(SolutionProperties) = preSolution
		HideSolutionNode = FALSE
	EndGlobalSection
	GlobalSection(ExtensibilityGlobals) = postSolution
		SolutionGuid = {219D0164-4167-4512-A3AE-A534B8035B2A}
	EndGlobalSection
EndGlobal
